
Microsoft Visual Studio Solution File, Format Version 12.00
# Visual Studio Version 17
VisualStudioVersion = 17.0.31903.59
MinimumVisualStudioVersion = 10.0.40219.1
Project("{FAE04EC0-301F-11D3-BF4B-00C04F79EFBC}") = "Repository", "Repository\Repository.csproj", "{00BAE53F-7DE4-409C-8638-AC6435735AB8}"
EndProject
Project("{FAE04EC0-301F-11D3-BF4B-00C04F79EFBC}") = "Web", "Web\Web.csproj", "{A80EE3B6-6893-48A6-BEB8-31A677E91FC6}"
EndProject
Project("{FAE04EC0-301F-11D3-BF4B-00C04F79EFBC}") = "Helper", "Helper\Helper.csproj", "{E470D352-2A6F-420C-8245-C7BDD4AF0B98}"
EndProject
Global
	GlobalSection(SolutionConfigurationPlatforms) = preSolution
		Debug|Any CPU = Debug|Any CPU
		Release|Any CPU = Release|Any CPU
	EndGlobalSection
	GlobalSection(SolutionProperties) = preSolution
		HideSolutionNode = FALSE
	EndGlobalSection
	GlobalSection(ProjectConfigurationPlatforms) = postSolution
		{00BAE53F-7DE4-409C-8638-AC6435735AB8}.Debug|Any CPU.ActiveCfg = Debug|Any CPU
		{00BAE53F-7DE4-409C-8638-AC6435735AB8}.Debug|Any CPU.Build.0 = Debug|Any CPU
		{00BAE53F-7DE4-409C-8638-AC6435735AB8}.Release|Any CPU.ActiveCfg = Release|Any CPU
		{00BAE53F-7DE4-409C-8638-AC6435735AB8}.Release|Any CPU.Build.0 = Release|Any CPU
		{A80EE3B6-6893-48A6-BEB8-31A677E91FC6}.Debug|Any CPU.ActiveCfg = Debug|Any CPU
		{A80EE3B6-6893-48A6-BEB8-31A677E91FC6}.Debug|Any CPU.Build.0 = Debug|Any CPU
		{A80EE3B6-6893-48A6-BEB8-31A677E91FC6}.Release|Any CPU.ActiveCfg = Release|Any CPU
		{A80EE3B6-6893-48A6-BEB8-31A677E91FC6}.Release|Any CPU.Build.0 = Release|Any CPU
		{E470D352-2A6F-420C-8245-C7BDD4AF0B98}.Debug|Any CPU.ActiveCfg = Debug|Any CPU
		{E470D352-2A6F-420C-8245-C7BDD4AF0B98}.Debug|Any CPU.Build.0 = Debug|Any CPU
		{E470D352-2A6F-420C-8245-C7BDD4AF0B98}.Release|Any CPU.ActiveCfg = Release|Any CPU
		{E470D352-2A6F-420C-8245-C7BDD4AF0B98}.Release|Any CPU.Build.0 = Release|Any CPU
	EndGlobalSection
EndGlobal
